
Microsoft Visual Studio Solution File, Format Version 12.00
# Visual Studio 15
VisualStudioVersion = 15.0.28010.2046
MinimumVisualStudioVersion = 10.0.40219.1
Project("{FAE04EC0-301F-11D3-BF4B-00C04F79EFBC}") = "UgRS_app", "UgRS_app\UgRS_app.csproj", "{CC86F1FA-D879-4EB0-BD53-2DE83740B7EE}"
EndProject
Global
	GlobalSection(SolutionConfigurationPlatforms) = preSolution
		Debug|Any CPU = Debug|Any CPU
		Release|Any CPU = Release|Any CPU
	EndGlobalSection
	GlobalSection(ProjectConfigurationPlatforms) = postSolution
		{CC86F1FA-D879-4EB0-BD53-2DE83740B7EE}.Debug|Any CPU.ActiveCfg = Debug|Any CPU
		{CC86F1FA-D879-4EB0-BD53-2DE83740B7EE}.Debug|Any CPU.Build.0 = Debug|Any CPU
		{CC86F1FA-D879-4EB0-BD53-2DE83740B7EE}.Release|Any CPU.ActiveCfg = Release|Any CPU
		{CC86F1FA-D879-4EB0-BD53-2DE83740B7EE}.Release|Any CPU.Build.0 = Release|Any CPU
	EndGlobalSection
	GlobalSection(SolutionProperties) = preSolution
		HideSolutionNode = FALSE
	EndGlobalSection
	GlobalSection(ExtensibilityGlobals) = postSolution
		SolutionGuid = {6A437322-BAF5-4E32-A917-0318CB722A6F}
	EndGlobalSection
EndGlobal
